
Microsoft Visual Studio Solution File, Format Version 12.00
# Visual Studio 15
VisualStudioVersion = 15.0.26403.0
MinimumVisualStudioVersion = 10.0.40219.1
Project("{FAE04EC0-301F-11D3-BF4B-00C04F79EFBC}") = "ServerAndClient", "ServerAndClient\ServerAndClient.csproj", "{527308BB-01CE-4E44-A4CE-7D9D3AA499A3}"
EndProject
Project("{FAE04EC0-301F-11D3-BF4B-00C04F79EFBC}") = "Server", "Server\Server.csproj", "{91708BA1-D7EB-4441-9295-127E685D14F8}"
EndProject
Project("{FAE04EC0-301F-11D3-BF4B-00C04F79EFBC}") = "Client", "Client\Client.csproj", "{56E691E8-2AA9-480D-9DA8-6667ACD291AD}"
EndProject
Global
	GlobalSection(SolutionConfigurationPlatforms) = preSolution
		Debug|Any CPU = Debug|Any CPU
		Release|Any CPU = Release|Any CPU
	EndGlobalSection
	GlobalSection(ProjectConfigurationPlatforms) = postSolution
		{527308BB-01CE-4E44-A4CE-7D9D3AA499A3}.Debug|Any CPU.ActiveCfg = Debug|Any CPU
		{527308BB-01CE-4E44-A4CE-7D9D3AA499A3}.Debug|Any CPU.Build.0 = Debug|Any CPU
		{527308BB-01CE-4E44-A4CE-7D9D3AA499A3}.Release|Any CPU.ActiveCfg = Release|Any CPU
		{527308BB-01CE-4E44-A4CE-7D9D3AA499A3}.Release|Any CPU.Build.0 = Release|Any CPU
		{91708BA1-D7EB-4441-9295-127E685D14F8}.Debug|Any CPU.ActiveCfg = Debug|Any CPU
		{91708BA1-D7EB-4441-9295-127E685D14F8}.Debug|Any CPU.Build.0 = Debug|Any CPU
		{91708BA1-D7EB-4441-9295-127E685D14F8}.Release|Any CPU.ActiveCfg = Release|Any CPU
		{91708BA1-D7EB-4441-9295-127E685D14F8}.Release|Any CPU.Build.0 = Release|Any CPU
		{56E691E8-2AA9-480D-9DA8-6667ACD291AD}.Debug|Any CPU.ActiveCfg = Debug|Any CPU
		{56E691E8-2AA9-480D-9DA8-6667ACD291AD}.Debug|Any CPU.Build.0 = Debug|Any CPU
		{56E691E8-2AA9-480D-9DA8-6667ACD291AD}.Release|Any CPU.ActiveCfg = Release|Any CPU
		{56E691E8-2AA9-480D-9DA8-6667ACD291AD}.Release|Any CPU.Build.0 = Release|Any CPU
	EndGlobalSection
	GlobalSection(SolutionProperties) = preSolution
		HideSolutionNode = FALSE
	EndGlobalSection
EndGlobal
